
Microsoft Visual Studio Solution File, Format Version 12.00
# Visual Studio Version 17
VisualStudioVersion = 17.14.36212.18 d17.14
MinimumVisualStudioVersion = 10.0.40219.1
Project("{FAE04EC0-301F-11D3-BF4B-00C04F79EFBC}") = "JokesWebApp", "JokesWebApp\JokesWebApp.csproj", "{4FB03D6A-B490-4602-A0F4-91206DC715C2}"
EndProject
Global
	GlobalSection(SolutionConfigurationPlatforms) = preSolution
		Debug|Any CPU = Debug|Any CPU
		Release|Any CPU = Release|Any CPU
	EndGlobalSection
	GlobalSection(ProjectConfigurationPlatforms) = postSolution
		{4FB03D6A-B490-4602-A0F4-91206DC715C2}.Debug|Any CPU.ActiveCfg = Debug|Any CPU
		{4FB03D6A-B490-4602-A0F4-91206DC715C2}.Debug|Any CPU.Build.0 = Debug|Any CPU
		{4FB03D6A-B490-4602-A0F4-91206DC715C2}.Release|Any CPU.ActiveCfg = Release|Any CPU
		{4FB03D6A-B490-4602-A0F4-91206DC715C2}.Release|Any CPU.Build.0 = Release|Any CPU
	EndGlobalSection
	GlobalSection(SolutionProperties) = preSolution
		HideSolutionNode = FALSE
	EndGlobalSection
	GlobalSection(ExtensibilityGlobals) = postSolution
		SolutionGuid = {D4376DDF-22CF-4145-BB8E-52D5C45F71BD}
	EndGlobalSection
EndGlobal
